
Microsoft Visual Studio Solution File, Format Version 12.00
# Visual Studio Version 17
VisualStudioVersion = 17.3.32922.545
MinimumVisualStudioVersion = 10.0.40219.1
Project("{FAE04EC0-301F-11D3-BF4B-00C04F79EFBC}") = "Amazonia Checkout", "Amazonia Checkout\Amazonia Checkout.csproj", "{279D2FE9-F79B-4A1E-B368-97289032502A}"
EndProject
Project("{840C416C-B8F3-42BC-B0DD-F6BB14C9F8CB}") = "AI Setup Project1", "AI Setup Project1\AI Setup Project1.aiproj", "{2CB272A8-3637-41EC-9B18-6955AB2F7562}"
EndProject
Global
	GlobalSection(SolutionConfigurationPlatforms) = preSolution
		All|Any CPU = All|Any CPU
		Debug|Any CPU = Debug|Any CPU
		Release|Any CPU = Release|Any CPU
	EndGlobalSection
	GlobalSection(ProjectConfigurationPlatforms) = postSolution
		{279D2FE9-F79B-4A1E-B368-97289032502A}.All|Any CPU.ActiveCfg = Release|Any CPU
		{279D2FE9-F79B-4A1E-B368-97289032502A}.All|Any CPU.Build.0 = Release|Any CPU
		{279D2FE9-F79B-4A1E-B368-97289032502A}.Debug|Any CPU.ActiveCfg = Debug|Any CPU
		{279D2FE9-F79B-4A1E-B368-97289032502A}.Debug|Any CPU.Build.0 = Debug|Any CPU
		{279D2FE9-F79B-4A1E-B368-97289032502A}.Release|Any CPU.ActiveCfg = Release|Any CPU
		{279D2FE9-F79B-4A1E-B368-97289032502A}.Release|Any CPU.Build.0 = Release|Any CPU
		{2CB272A8-3637-41EC-9B18-6955AB2F7562}.All|Any CPU.ActiveCfg = DefaultBuild
		{2CB272A8-3637-41EC-9B18-6955AB2F7562}.All|Any CPU.Build.0 = DefaultBuild
		{2CB272A8-3637-41EC-9B18-6955AB2F7562}.Debug|Any CPU.ActiveCfg = DefaultBuild
		{2CB272A8-3637-41EC-9B18-6955AB2F7562}.Debug|Any CPU.Build.0 = DefaultBuild
		{2CB272A8-3637-41EC-9B18-6955AB2F7562}.Release|Any CPU.ActiveCfg = DefaultBuild
		{2CB272A8-3637-41EC-9B18-6955AB2F7562}.Release|Any CPU.Build.0 = DefaultBuild
	EndGlobalSection
	GlobalSection(SolutionProperties) = preSolution
		HideSolutionNode = FALSE
	EndGlobalSection
	GlobalSection(ExtensibilityGlobals) = postSolution
		SolutionGuid = {BCD1EA67-5429-4305-854B-BA74D853A153}
	EndGlobalSection
EndGlobal
